
Microsoft Visual Studio Solution File, Format Version 12.00
# Visual Studio Version 16
VisualStudioVersion = 16.0.29503.13
MinimumVisualStudioVersion = 10.0.40219.1
Project("{FAE04EC0-301F-11D3-BF4B-00C04F79EFBC}") = "HarmonyBridge", "HarmonyBridge\HarmonyBridge.csproj", "{88E185BA-B1B2-4265-9255-4DD10F6CBB7C}"
	ProjectSection(ProjectDependencies) = postProject
		{39BF7EF5-3020-40B0-9950-63ABA5CE655E} = {39BF7EF5-3020-40B0-9950-63ABA5CE655E}
	EndProjectSection
EndProject
Project("{FAE04EC0-301F-11D3-BF4B-00C04F79EFBC}") = "Designer", "Designer\Designer.csproj", "{CA00DD1F-E3F6-4D31-8743-35BC22BCF7FD}"
EndProject
Project("{FAE04EC0-301F-11D3-BF4B-00C04F79EFBC}") = "AspectTester", "AspectTester\AspectTester.csproj", "{2345E177-A5AB-4B49-B945-3451ECC9D5D5}"
	ProjectSection(ProjectDependencies) = postProject
		{39BF7EF5-3020-40B0-9950-63ABA5CE655E} = {39BF7EF5-3020-40B0-9950-63ABA5CE655E}
	EndProjectSection
EndProject
Project("{FAE04EC0-301F-11D3-BF4B-00C04F79EFBC}") = "OCL-Editer", "OCL-Editer\OCL-Editer.csproj", "{39BF7EF5-3020-40B0-9950-63ABA5CE655E}"
EndProject
Global
	GlobalSection(SolutionConfigurationPlatforms) = preSolution
		Debug|Any CPU = Debug|Any CPU
		Release|Any CPU = Release|Any CPU
	EndGlobalSection
	GlobalSection(ProjectConfigurationPlatforms) = postSolution
		{88E185BA-B1B2-4265-9255-4DD10F6CBB7C}.Debug|Any CPU.ActiveCfg = Debug|Any CPU
		{88E185BA-B1B2-4265-9255-4DD10F6CBB7C}.Debug|Any CPU.Build.0 = Debug|Any CPU
		{88E185BA-B1B2-4265-9255-4DD10F6CBB7C}.Release|Any CPU.ActiveCfg = Release|Any CPU
		{88E185BA-B1B2-4265-9255-4DD10F6CBB7C}.Release|Any CPU.Build.0 = Release|Any CPU
		{CA00DD1F-E3F6-4D31-8743-35BC22BCF7FD}.Debug|Any CPU.ActiveCfg = Debug|Any CPU
		{CA00DD1F-E3F6-4D31-8743-35BC22BCF7FD}.Debug|Any CPU.Build.0 = Debug|Any CPU
		{CA00DD1F-E3F6-4D31-8743-35BC22BCF7FD}.Release|Any CPU.ActiveCfg = Release|Any CPU
		{CA00DD1F-E3F6-4D31-8743-35BC22BCF7FD}.Release|Any CPU.Build.0 = Release|Any CPU
		{2345E177-A5AB-4B49-B945-3451ECC9D5D5}.Debug|Any CPU.ActiveCfg = Debug|Any CPU
		{2345E177-A5AB-4B49-B945-3451ECC9D5D5}.Debug|Any CPU.Build.0 = Debug|Any CPU
		{2345E177-A5AB-4B49-B945-3451ECC9D5D5}.Release|Any CPU.ActiveCfg = Release|Any CPU
		{2345E177-A5AB-4B49-B945-3451ECC9D5D5}.Release|Any CPU.Build.0 = Release|Any CPU
		{39BF7EF5-3020-40B0-9950-63ABA5CE655E}.Debug|Any CPU.ActiveCfg = Debug|Any CPU
		{39BF7EF5-3020-40B0-9950-63ABA5CE655E}.Debug|Any CPU.Build.0 = Debug|Any CPU
		{39BF7EF5-3020-40B0-9950-63ABA5CE655E}.Release|Any CPU.ActiveCfg = Release|Any CPU
		{39BF7EF5-3020-40B0-9950-63ABA5CE655E}.Release|Any CPU.Build.0 = Release|Any CPU
	EndGlobalSection
	GlobalSection(SolutionProperties) = preSolution
		HideSolutionNode = FALSE
	EndGlobalSection
	GlobalSection(ExtensibilityGlobals) = postSolution
		SolutionGuid = {1D416375-1A47-47DC-B0FE-1A9BA22D631D}
	EndGlobalSection
EndGlobal
